
Microsoft Visual Studio Solution File, Format Version 12.00
# Visual Studio Version 16
VisualStudioVersion = 16.0.30114.105
MinimumVisualStudioVersion = 10.0.40219.1
Project("{FAE04EC0-301F-11D3-BF4B-00C04F79EFBC}") = "Ruby.Leopard.Api", "Ruby.Leopard.Api\Ruby.Leopard.Api.csproj", "{4C72259A-DC26-4F0C-9430-92FF14BC4445}"
EndProject
Project("{FAE04EC0-301F-11D3-BF4B-00C04F79EFBC}") = "Ruby.Leopard.Domain", "Ruby.Leopard.Domain\Ruby.Leopard.Domain.csproj", "{45BA8834-1E22-4DA1-BF53-888043413820}"
EndProject
Project("{FAE04EC0-301F-11D3-BF4B-00C04F79EFBC}") = "Ruby.Leopard.Data", "Ruby.Leopard.Data\Ruby.Leopard.Data.csproj", "{A3C66472-7E77-4835-A2AB-2297BD428ED3}"
EndProject
Project("{FAE04EC0-301F-11D3-BF4B-00C04F79EFBC}") = "Ruby.Leopard.Domain.Tests", "Tests\Ruby.Leopard.Domain.Tests\Ruby.Leopard.Domain.Tests.csproj", "{DC2B6478-4E86-4BAD-96A1-7E4924F29992}"
EndProject
Global
	GlobalSection(SolutionConfigurationPlatforms) = preSolution
		Debug|Any CPU = Debug|Any CPU
		Release|Any CPU = Release|Any CPU
	EndGlobalSection
	GlobalSection(SolutionProperties) = preSolution
		HideSolutionNode = FALSE
	EndGlobalSection
	GlobalSection(ProjectConfigurationPlatforms) = postSolution
		{4C72259A-DC26-4F0C-9430-92FF14BC4445}.Debug|Any CPU.ActiveCfg = Debug|Any CPU
		{4C72259A-DC26-4F0C-9430-92FF14BC4445}.Debug|Any CPU.Build.0 = Debug|Any CPU
		{4C72259A-DC26-4F0C-9430-92FF14BC4445}.Release|Any CPU.ActiveCfg = Release|Any CPU
		{4C72259A-DC26-4F0C-9430-92FF14BC4445}.Release|Any CPU.Build.0 = Release|Any CPU
		{45BA8834-1E22-4DA1-BF53-888043413820}.Debug|Any CPU.ActiveCfg = Debug|Any CPU
		{45BA8834-1E22-4DA1-BF53-888043413820}.Debug|Any CPU.Build.0 = Debug|Any CPU
		{45BA8834-1E22-4DA1-BF53-888043413820}.Release|Any CPU.ActiveCfg = Release|Any CPU
		{45BA8834-1E22-4DA1-BF53-888043413820}.Release|Any CPU.Build.0 = Release|Any CPU
		{A3C66472-7E77-4835-A2AB-2297BD428ED3}.Debug|Any CPU.ActiveCfg = Debug|Any CPU
		{A3C66472-7E77-4835-A2AB-2297BD428ED3}.Debug|Any CPU.Build.0 = Debug|Any CPU
		{A3C66472-7E77-4835-A2AB-2297BD428ED3}.Release|Any CPU.ActiveCfg = Release|Any CPU
		{A3C66472-7E77-4835-A2AB-2297BD428ED3}.Release|Any CPU.Build.0 = Release|Any CPU
		{DC2B6478-4E86-4BAD-96A1-7E4924F29992}.Debug|Any CPU.ActiveCfg = Debug|Any CPU
		{DC2B6478-4E86-4BAD-96A1-7E4924F29992}.Debug|Any CPU.Build.0 = Debug|Any CPU
		{DC2B6478-4E86-4BAD-96A1-7E4924F29992}.Release|Any CPU.ActiveCfg = Release|Any CPU
		{DC2B6478-4E86-4BAD-96A1-7E4924F29992}.Release|Any CPU.Build.0 = Release|Any CPU
	EndGlobalSection
	GlobalSection(NestedProjects) = preSolution
	EndGlobalSection
EndGlobal
